{
  "name": "root-package",
  "version": "1.0.0",
  "lockfileVersion": 3,
  "requires": true,
  "packages": {
    "": {
      "name": "root-package",
      "version": "1.0.0",
      "license": "MIT",
      "workspaces": [
        "@binkylabs/muzzle"
      ]
    },
    "@binkylabs/muzzle": {
      "version": "1.0.0-preview.1",
      "license": "MIT"
    },
    "node_modules/@binkylabs/muzzle": {
      "resolved": "@binkylabs/muzzle",
      "link": true
    }
  }
}
